
Microsoft Visual Studio Solution File, Format Version 12.00
# Visual Studio 15
VisualStudioVersion = 15.0.26430.14
MinimumVisualStudioVersion = 10.0.40219.1
Project("{FAE04EC0-301F-11D3-BF4B-00C04F79EFBC}") = "DemoMVC", "DemoMVC\DemoMVC.csproj", "{DB439430-76DB-4473-AADA-88D4D3267A4C}"
EndProject
Project("{FAE04EC0-301F-11D3-BF4B-00C04F79EFBC}") = "DemoMVC.Tests", "DemoMVC.Tests\DemoMVC.Tests.csproj", "{E07E03F3-E732-4E4B-95EE-E63F37018A09}"
EndProject
Global
	GlobalSection(SolutionConfigurationPlatforms) = preSolution
		Debug|Any CPU = Debug|Any CPU
		Release|Any CPU = Release|Any CPU
	EndGlobalSection
	GlobalSection(ProjectConfigurationPlatforms) = postSolution
		{DB439430-76DB-4473-AADA-88D4D3267A4C}.Debug|Any CPU.ActiveCfg = Debug|Any CPU
		{DB439430-76DB-4473-AADA-88D4D3267A4C}.Debug|Any CPU.Build.0 = Debug|Any CPU
		{DB439430-76DB-4473-AADA-88D4D3267A4C}.Release|Any CPU.ActiveCfg = Release|Any CPU
		{DB439430-76DB-4473-AADA-88D4D3267A4C}.Release|Any CPU.Build.0 = Release|Any CPU
		{E07E03F3-E732-4E4B-95EE-E63F37018A09}.Debug|Any CPU.ActiveCfg = Debug|Any CPU
		{E07E03F3-E732-4E4B-95EE-E63F37018A09}.Debug|Any CPU.Build.0 = Debug|Any CPU
		{E07E03F3-E732-4E4B-95EE-E63F37018A09}.Release|Any CPU.ActiveCfg = Release|Any CPU
		{E07E03F3-E732-4E4B-95EE-E63F37018A09}.Release|Any CPU.Build.0 = Release|Any CPU
	EndGlobalSection
	GlobalSection(SolutionProperties) = preSolution
		HideSolutionNode = FALSE
	EndGlobalSection
EndGlobal
